
Microsoft Visual Studio Solution File, Format Version 12.00
# Visual Studio Version 16
VisualStudioVersion = 16.0.810.8
MinimumVisualStudioVersion = 10.0.40219.1
Project("{FAE04EC0-301F-11D3-BF4B-00C04F79EFBC}") = "Keda.Samples.DotNet.EventHub.OrderProcessor", "Keda.Samples.DotNet.EventHub.OrderProcessor\Keda.Samples.DotNet.EventHub.OrderProcessor.csproj", "{B9C2A917-5E91-4E35-91AB-E2C52DACA263}"
EndProject
Project("{FAE04EC0-301F-11D3-BF4B-00C04F79EFBC}") = "Keda.Samples.DotNet.EventHub.Contracts", "Keda.Samples.DotNet.EventHub.Contracts\Keda.Samples.DotNet.EventHub.Contracts.csproj", "{02D6FA8C-F3E5-49DE-BBD8-7928D45527EA}"
EndProject
Global
	GlobalSection(SolutionConfigurationPlatforms) = preSolution
		Debug|Any CPU = Debug|Any CPU
		Release|Any CPU = Release|Any CPU
	EndGlobalSection
	GlobalSection(ProjectConfigurationPlatforms) = postSolution
		{B9C2A917-5E91-4E35-91AB-E2C52DACA263}.Debug|Any CPU.ActiveCfg = Debug|Any CPU
		{B9C2A917-5E91-4E35-91AB-E2C52DACA263}.Debug|Any CPU.Build.0 = Debug|Any CPU
		{B9C2A917-5E91-4E35-91AB-E2C52DACA263}.Release|Any CPU.ActiveCfg = Release|Any CPU
		{B9C2A917-5E91-4E35-91AB-E2C52DACA263}.Release|Any CPU.Build.0 = Release|Any CPU
		{02D6FA8C-F3E5-49DE-BBD8-7928D45527EA}.Debug|Any CPU.ActiveCfg = Debug|Any CPU
		{02D6FA8C-F3E5-49DE-BBD8-7928D45527EA}.Debug|Any CPU.Build.0 = Debug|Any CPU
		{02D6FA8C-F3E5-49DE-BBD8-7928D45527EA}.Release|Any CPU.ActiveCfg = Release|Any CPU
		{02D6FA8C-F3E5-49DE-BBD8-7928D45527EA}.Release|Any CPU.Build.0 = Release|Any CPU
	EndGlobalSection
	GlobalSection(SolutionProperties) = preSolution
		HideSolutionNode = FALSE
	EndGlobalSection
	GlobalSection(ExtensibilityGlobals) = postSolution
		SolutionGuid = {D7EB7C04-02CA-47D6-BBB3-1244E0660098}
	EndGlobalSection
EndGlobal
